{
  "version": 4,
  "terraform_version": "1.3.7",
  "serial": 8,
  "lineage": "23500b9c-e346-4896-6fc9-16d7e1ef3586",
  "outputs": {},
  "resources": [
    {
      "mode": "managed",
      "type": "aws_instance",
      "name": "dove-inst",
      "provider": "provider[\"registry.terraform.io/hashicorp/aws\"]",
      "instances": [
        {
          "schema_version": 1,
          "attributes": {
            "ami": "ami-00569e54da628d17c",
            "arn": "arn:aws:ec2:us-west-1:835027256997:instance/i-09afc082ef4d34198",
            "associate_public_ip_address": true,
            "availability_zone": "us-west-1c",
            "capacity_reservation_specification": [
              {
                "capacity_reservation_preference": "open",
                "capacity_reservation_target": []
              }
            ],
            "cpu_core_count": 2,
            "cpu_threads_per_core": 1,
            "credit_specification": [
              {
                "cpu_credits": "standard"
              }
            ],
            "disable_api_stop": false,
            "disable_api_termination": false,
            "ebs_block_device": [],
            "ebs_optimized": false,
            "enclave_options": [
              {
                "enabled": false
              }
            ],
            "ephemeral_block_device": [],
            "get_password_data": false,
            "hibernation": false,
            "host_id": "",
            "host_resource_group_arn": null,
            "iam_instance_profile": "",
            "id": "i-09afc082ef4d34198",
            "instance_initiated_shutdown_behavior": "stop",
            "instance_state": "running",
            "instance_type": "t2.medium",
            "ipv6_address_count": 0,
            "ipv6_addresses": [],
            "key_name": "dovekey",
            "launch_template": [],
            "maintenance_options": [
              {
                "auto_recovery": "default"
              }
            ],
            "metadata_options": [
              {
                "http_endpoint": "enabled",
                "http_put_response_hop_limit": 1,
                "http_tokens": "optional",
                "instance_metadata_tags": "disabled"
              }
            ],
            "monitoring": false,
            "network_interface": [],
            "outpost_arn": "",
            "password_data": "",
            "placement_group": "",
            "placement_partition_number": 0,
            "primary_network_interface_id": "eni-027c4df4eca4ac7a5",
            "private_dns": "ip-172-31-11-7.us-west-1.compute.internal",
            "private_dns_name_options": [
              {
                "enable_resource_name_dns_a_record": false,
                "enable_resource_name_dns_aaaa_record": false,
                "hostname_type": "ip-name"
              }
            ],
            "private_ip": "172.31.11.7",
            "public_dns": "ec2-54-153-11-91.us-west-1.compute.amazonaws.com",
            "public_ip": "54.153.11.91",
            "root_block_device": [
              {
                "delete_on_termination": true,
                "device_name": "/dev/xvda",
                "encrypted": false,
                "iops": 100,
                "kms_key_id": "",
                "tags": {},
                "throughput": 0,
                "volume_id": "vol-0f37d928a349933db",
                "volume_size": 8,
                "volume_type": "gp2"
              }
            ],
            "secondary_private_ips": [],
            "security_groups": [
              "SG"
            ],
            "source_dest_check": true,
            "subnet_id": "subnet-07bbe266fe22b1bdc",
            "tags": {
              "Name": "Dove-Instance",
              "Project": "Dove"
            },
            "tags_all": {
              "Name": "Dove-Instance",
              "Project": "Dove"
            },
            "tenancy": "default",
            "timeouts": null,
            "user_data": null,
            "user_data_base64": null,
            "user_data_replace_on_change": false,
            "volume_tags": null,
            "vpc_security_group_ids": [
              "sg-02604e924707e0752"
            ]
          },
          "sensitive_attributes": [],
          "private": "eyJlMmJmYjczMC1lY2FhLTExZTYtOGY4OC0zNDM2M2JjN2M0YzAiOnsiY3JlYXRlIjo2MDAwMDAwMDAwMDAsImRlbGV0ZSI6MTIwMDAwMDAwMDAwMCwidXBkYXRlIjo2MDAwMDAwMDAwMDB9LCJzY2hlbWFfdmVyc2lvbiI6IjEifQ==",
          "dependencies": [
            "aws_key_pair.dove-key",
            "aws_security_group.rock"
          ]
        }
      ]
    },
    {
      "mode": "managed",
      "type": "aws_key_pair",
      "name": "dove-key",
      "provider": "provider[\"registry.terraform.io/hashicorp/aws\"]",
      "instances": [
        {
          "schema_version": 1,
          "attributes": {
            "arn": "arn:aws:ec2:us-west-1:835027256997:key-pair/dovekey",
            "fingerprint": "62:e7:f9:89:54:7c:e5:60:57:c5:a1:15:8f:e4:c8:07",
            "id": "dovekey",
            "key_name": "dovekey",
            "key_name_prefix": "",
            "key_pair_id": "key-0d7e409aa5048f870",
            "key_type": "rsa",
            "public_key": "ssh-rsa AAAAB3NzaC1yc2EAAAADAQABAAABgQDj9JJfi3hVqeD1AZH33r8qvVYUUmZPCy8drWghFKqNEuRpenxuF/vaJ3jsdu5K81YH9mztJzMMCZPw8W2u6bQXTno1fkrJfgVNm2J2L0bUlIdXiohUyQfDK2YWNX+vTVuQM3t4kMjY/UH479xye3KfPJbfkPkgeHvpG2QJrLBASH0lj5QrpQ1dY2dmJaBMG8JbMWD65Wxi0K/kBMvBgZGJ9qDKduDaydZbtjvWtoB7ajH/Ob//2F/epVSznorecVKjcPciSNKd4Kk5XAqzU1NoahC45KgH0WhBKTY9OuM82/4Bmr6JhyjVD5j2YQFphg8BfmjHpHeTMS69czevdtGr89Ntc46IpfVVjqUd8/22Ob8Zprpbf552/OnH4nF6xlqK4snjt5laXiV/oDEWL7k8JKrT4p2w7PF3HkIPHT0xYJnSJVj62tsnLh77RgHQJAQzoWFOQvZmOfP19SZdXVQE3xc3+HX/VuO4p6cwudN/7x48sUEg23jtJCErvoUGCX8= root@LAPTOP-3DDIMN5N",
            "tags": {},
            "tags_all": {}
          },
          "sensitive_attributes": [],
          "private": "eyJzY2hlbWFfdmVyc2lvbiI6IjEifQ=="
        }
      ]
    },
    {
      "mode": "managed",
      "type": "aws_security_group",
      "name": "rock",
      "provider": "provider[\"registry.terraform.io/hashicorp/aws\"]",
      "instances": [
        {
          "schema_version": 1,
          "attributes": {
            "arn": "arn:aws:ec2:us-west-1:835027256997:security-group/sg-02604e924707e0752",
            "description": "security group discription",
            "egress": [
              {
                "cidr_blocks": [
                  "0.0.0.0/0"
                ],
                "description": "",
                "from_port": 0,
                "ipv6_cidr_blocks": [
                  "::/0"
                ],
                "prefix_list_ids": [],
                "protocol": "-1",
                "security_groups": [],
                "self": false,
                "to_port": 0
              }
            ],
            "id": "sg-02604e924707e0752",
            "ingress": [
              {
                "cidr_blocks": [
                  "0.0.0.0/0"
                ],
                "description": "HTTP-port",
                "from_port": 80,
                "ipv6_cidr_blocks": [],
                "prefix_list_ids": [],
                "protocol": "tcp",
                "security_groups": [],
                "self": false,
                "to_port": 80
              },
              {
                "cidr_blocks": [
                  "0.0.0.0/0"
                ],
                "description": "ssh-port",
                "from_port": 22,
                "ipv6_cidr_blocks": [],
                "prefix_list_ids": [],
                "protocol": "tcp",
                "security_groups": [],
                "self": false,
                "to_port": 22
              }
            ],
            "name": "SG",
            "name_prefix": "",
            "owner_id": "835027256997",
            "revoke_rules_on_delete": false,
            "tags": {
              "enddate": "10/02/2023",
              "owner": "shubhamvsathawane@gmail.com",
              "purpose": "terraform learning"
            },
            "tags_all": {
              "enddate": "10/02/2023",
              "owner": "shubhamvsathawane@gmail.com",
              "purpose": "terraform learning"
            },
            "timeouts": null,
            "vpc_id": "vpc-0d5272e2032f777f0"
          },
          "sensitive_attributes": [],
          "private": "eyJlMmJmYjczMC1lY2FhLTExZTYtOGY4OC0zNDM2M2JjN2M0YzAiOnsiY3JlYXRlIjo2MDAwMDAwMDAwMDAsImRlbGV0ZSI6OTAwMDAwMDAwMDAwfSwic2NoZW1hX3ZlcnNpb24iOiIxIn0="
        }
      ]
    }
  ],
  "check_results": null
}
